// !$*UTF8*$!
{
	archiveVersion = 1;
	classes = {
	};
	objectVersion = 46;
	objects = {

/* Begin PBXBuildFile section */
		79308C411D3CAEB500E082FF /* BNTabbarViewController.m in Sources */ = {isa = PBXBuildFile; fileRef = 79308C401D3CAEB500E082FF /* BNTabbarViewController.m */; };
		79308C461D3CBBC300E082FF /* BNDetailViewController.m in Sources */ = {isa = PBXBuildFile; fileRef = 79308C451D3CBBC300E082FF /* BNDetailViewController.m */; };
		79308C491D3CC71300E082FF /* BNMainContentView.m in Sources */ = {isa = PBXBuildFile; fileRef = 79308C481D3CC71300E082FF /* BNMainContentView.m */; };
		79308C581D3CC92800E082FF /* AFHTTPSessionManager.m in Sources */ = {isa = PBXBuildFile; fileRef = 79308C4C1D3CC92800E082FF /* AFHTTPSessionManager.m */; };
		79308C591D3CC92800E082FF /* AFNetworkReachabilityManager.m in Sources */ = {isa = PBXBuildFile; fileRef = 79308C4F1D3CC92800E082FF /* AFNetworkReachabilityManager.m */; };
		79308C5A1D3CC92800E082FF /* AFSecurityPolicy.m in Sources */ = {isa = PBXBuildFile; fileRef = 79308C511D3CC92800E082FF /* AFSecurityPolicy.m */; };
		79308C5B1D3CC92800E082FF /* AFURLRequestSerialization.m in Sources */ = {isa = PBXBuildFile; fileRef = 79308C531D3CC92800E082FF /* AFURLRequestSerialization.m */; };
		79308C5C1D3CC92800E082FF /* AFURLResponseSerialization.m in Sources */ = {isa = PBXBuildFile; fileRef = 79308C551D3CC92800E082FF /* AFURLResponseSerialization.m */; };
		79308C5D1D3CC92800E082FF /* AFURLSessionManager.m in Sources */ = {isa = PBXBuildFile; fileRef = 79308C571D3CC92800E082FF /* AFURLSessionManager.m */; };
		79308C611D3CC95700E082FF /* HttpRequest.m in Sources */ = {isa = PBXBuildFile; fileRef = 79308C601D3CC95700E082FF /* HttpRequest.m */; };
		7985C5061D3CA9260004A94D /* main.m in Sources */ = {isa = PBXBuildFile; fileRef = 7985C5051D3CA9260004A94D /* main.m */; };
		7985C5091D3CA9260004A94D /* AppDelegate.m in Sources */ = {isa = PBXBuildFile; fileRef = 7985C5081D3CA9260004A94D /* AppDelegate.m */; };
		7985C50F1D3CA9260004A94D /* Main.storyboard in Resources */ = {isa = PBXBuildFile; fileRef = 7985C50D1D3CA9260004A94D /* Main.storyboard */; };
		7985C5111D3CA9260004A94D /* Assets.xcassets in Resources */ = {isa = PBXBuildFile; fileRef = 7985C5101D3CA9260004A94D /* Assets.xcassets */; };
		7985C5141D3CA9260004A94D /* LaunchScreen.storyboard in Resources */ = {isa = PBXBuildFile; fileRef = 7985C5121D3CA9260004A94D /* LaunchScreen.storyboard */; };
		7985C51F1D3CA9270004A94D /* _3_BDNMProjectTests.m in Sources */ = {isa = PBXBuildFile; fileRef = 7985C51E1D3CA9270004A94D /* _3_BDNMProjectTests.m */; };
		7985C52A1D3CA9270004A94D /* _3_BDNMProjectUITests.m in Sources */ = {isa = PBXBuildFile; fileRef = 7985C5291D3CA9270004A94D /* _3_BDNMProjectUITests.m */; };
		7985C54A1D3CAB1B0004A94D /* BNMainViewController.m in Sources */ = {isa = PBXBuildFile; fileRef = 7985C5491D3CAB1B0004A94D /* BNMainViewController.m */; };
		7985C54D1D3CAB310004A94D /* BNNearViewController.m in Sources */ = {isa = PBXBuildFile; fileRef = 7985C54C1D3CAB310004A94D /* BNNearViewController.m */; };
		7985C5501D3CAB430004A94D /* BNChooseViewController.m in Sources */ = {isa = PBXBuildFile; fileRef = 7985C54F1D3CAB430004A94D /* BNChooseViewController.m */; };
		7985C5531D3CAB500004A94D /* BNMyViewController.m in Sources */ = {isa = PBXBuildFile; fileRef = 7985C5521D3CAB500004A94D /* BNMyViewController.m */; };
/* End PBXBuildFile section */

/* Begin PBXContainerItemProxy section */
		7985C51B1D3CA9270004A94D /* PBXContainerItemProxy */ = {
			isa = PBXContainerItemProxy;
			containerPortal = 7985C4F91D3CA9260004A94D /* Project object */;
			proxyType = 1;
			remoteGlobalIDString = 7985C5001D3CA9260004A94D;
			remoteInfo = "03-BDNMProject";
		};
		7985C5261D3CA9270004A94D /* PBXContainerItemProxy */ = {
			isa = PBXContainerItemProxy;
			containerPortal = 7985C4F91D3CA9260004A94D /* Project object */;
			proxyType = 1;
			remoteGlobalIDString = 7985C5001D3CA9260004A94D;
			remoteInfo = "03-BDNMProject";
		};
/* End PBXContainerItemProxy section */

/* Begin PBXFileReference section */
		79308C3F1D3CAEB500E082FF /* BNTabbarViewController.h */ = {isa = PBXFileReference; fileEncoding = 4; lastKnownFileType = sourcecode.c.h; path = BNTabbarViewController.h; sourceTree = "<group>"; };
		79308C401D3CAEB500E082FF /* BNTabbarViewController.m */ = {isa = PBXFileReference; fileEncoding = 4; lastKnownFileType = sourcecode.c.objc; path = BNTabbarViewController.m; sourceTree = "<group>"; };
		79308C441D3CBBC300E082FF /* BNDetailViewController.h */ = {isa = PBXFileReference; fileEncoding = 4; lastKnownFileType = sourcecode.c.h; path = BNDetailViewController.h; sourceTree = "<group>"; };
		79308C451D3CBBC300E082FF /* BNDetailViewController.m */ = {isa = PBXFileReference; fileEncoding = 4; lastKnownFileType = sourcecode.c.objc; path = BNDetailViewController.m; sourceTree = "<group>"; };
		79308C471D3CC71300E082FF /* BNMainContentView.h */ = {isa = PBXFileReference; fileEncoding = 4; lastKnownFileType = sourcecode.c.h; path = BNMainContentView.h; sourceTree = "<group>"; };
		79308C481D3CC71300E082FF /* BNMainContentView.m */ = {isa = PBXFileReference; fileEncoding = 4; lastKnownFileType = sourcecode.c.objc; path = BNMainContentView.m; sourceTree = "<group>"; };
		79308C4B1D3CC92800E082FF /* AFHTTPSessionManager.h */ = {isa = PBXFileReference; fileEncoding = 4; lastKnownFileType = sourcecode.c.h; path = AFHTTPSessionManager.h; sourceTree = "<group>"; };
		79308C4C1D3CC92800E082FF /* AFHTTPSessionManager.m */ = {isa = PBXFileReference; fileEncoding = 4; lastKnownFileType = sourcecode.c.objc; path = AFHTTPSessionManager.m; sourceTree = "<group>"; };
		79308C4D1D3CC92800E082FF /* AFNetworking.h */ = {isa = PBXFileReference; fileEncoding = 4; lastKnownFileType = sourcecode.c.h; path = AFNetworking.h; sourceTree = "<group>"; };
		79308C4E1D3CC92800E082FF /* AFNetworkReachabilityManager.h */ = {isa = PBXFileReference; fileEncoding = 4; lastKnownFileType = sourcecode.c.h; path = AFNetworkReachabilityManager.h; sourceTree = "<group>"; };
		79308C4F1D3CC92800E082FF /* AFNetworkReachabilityManager.m */ = {isa = PBXFileReference; fileEncoding = 4; lastKnownFileType = sourcecode.c.objc; path = AFNetworkReachabilityManager.m; sourceTree = "<group>"; };
		79308C501D3CC92800E082FF /* AFSecurityPolicy.h */ = {isa = PBXFileReference; fileEncoding = 4; lastKnownFileType = sourcecode.c.h; path = AFSecurityPolicy.h; sourceTree = "<group>"; };
		79308C511D3CC92800E082FF /* AFSecurityPolicy.m */ = {isa = PBXFileReference; fileEncoding = 4; lastKnownFileType = sourcecode.c.objc; path = AFSecurityPolicy.m; sourceTree = "<group>"; };
		79308C521D3CC92800E082FF /* AFURLRequestSerialization.h */ = {isa = PBXFileReference; fileEncoding = 4; lastKnownFileType = sourcecode.c.h; path = AFURLRequestSerialization.h; sourceTree = "<group>"; };
		79308C531D3CC92800E082FF /* AFURLRequestSerialization.m */ = {isa = PBXFileReference; fileEncoding = 4; lastKnownFileType = sourcecode.c.objc; path = AFURLRequestSerialization.m; sourceTree = "<group>"; };
		79308C541D3CC92800E082FF /* AFURLResponseSerialization.h */ = {isa = PBXFileReference; fileEncoding = 4; lastKnownFileType = sourcecode.c.h; path = AFURLResponseSerialization.h; sourceTree = "<group>"; };
		79308C551D3CC92800E082FF /* AFURLResponseSerialization.m */ = {isa = PBXFileReference; fileEncoding = 4; lastKnownFileType = sourcecode.c.objc; path = AFURLResponseSerialization.m; sourceTree = "<group>"; };
		79308C561D3CC92800E082FF /* AFURLSessionManager.h */ = {isa = PBXFileReference; fileEncoding = 4; lastKnownFileType = sourcecode.c.h; path = AFURLSessionManager.h; sourceTree = "<group>"; };
		79308C571D3CC92800E082FF /* AFURLSessionManager.m */ = {isa = PBXFileReference; fileEncoding = 4; lastKnownFileType = sourcecode.c.objc; path = AFURLSessionManager.m; sourceTree = "<group>"; };
		79308C5F1D3CC95700E082FF /* HttpRequest.h */ = {isa = PBXFileReference; fileEncoding = 4; lastKnownFileType = sourcecode.c.h; path = HttpRequest.h; sourceTree = "<group>"; };
		79308C601D3CC95700E082FF /* HttpRequest.m */ = {isa = PBXFileReference; fileEncoding = 4; lastKnownFileType = sourcecode.c.objc; path = HttpRequest.m; sourceTree = "<group>"; };
		79308C621D3CCCDB00E082FF /* BNUrl.h */ = {isa = PBXFileReference; lastKnownFileType = sourcecode.c.h; path = BNUrl.h; sourceTree = "<group>"; };
		7985C5011D3CA9260004A94D /* 03-BDNMProject.app */ = {isa = PBXFileReference; explicitFileType = wrapper.application; includeInIndex = 0; path = "03-BDNMProject.app"; sourceTree = BUILT_PRODUCTS_DIR; };
		7985C5051D3CA9260004A94D /* main.m */ = {isa = PBXFileReference; lastKnownFileType = sourcecode.c.objc; path = main.m; sourceTree = "<group>"; };
		7985C5071D3CA9260004A94D /* AppDelegate.h */ = {isa = PBXFileReference; lastKnownFileType = sourcecode.c.h; path = AppDelegate.h; sourceTree = "<group>"; };
		7985C5081D3CA9260004A94D /* AppDelegate.m */ = {isa = PBXFileReference; lastKnownFileType = sourcecode.c.objc; path = AppDelegate.m; sourceTree = "<group>"; };
		7985C50E1D3CA9260004A94D /* Base */ = {isa = PBXFileReference; lastKnownFileType = file.storyboard; name = Base; path = Base.lproj/Main.storyboard; sourceTree = "<group>"; };
		7985C5101D3CA9260004A94D /* Assets.xcassets */ = {isa = PBXFileReference; lastKnownFileType = folder.assetcatalog; path = Assets.xcassets; sourceTree = "<group>"; };
		7985C5131D3CA9260004A94D /* Base */ = {isa = PBXFileReference; lastKnownFileType = file.storyboard; name = Base; path = Base.lproj/LaunchScreen.storyboard; sourceTree = "<group>"; };
		7985C5151D3CA9260004A94D /* Info.plist */ = {isa = PBXFileReference; lastKnownFileType = text.plist.xml; path = Info.plist; sourceTree = "<group>"; };
		7985C51A1D3CA9270004A94D /* 03-BDNMProjectTests.xctest */ = {isa = PBXFileReference; explicitFileType = wrapper.cfbundle; includeInIndex = 0; path = "03-BDNMProjectTests.xctest"; sourceTree = BUILT_PRODUCTS_DIR; };
		7985C51E1D3CA9270004A94D /* _3_BDNMProjectTests.m */ = {isa = PBXFileReference; lastKnownFileType = sourcecode.c.objc; path = _3_BDNMProjectTests.m; sourceTree = "<group>"; };
		7985C5201D3CA9270004A94D /* Info.plist */ = {isa = PBXFileReference; lastKnownFileType = text.plist.xml; path = Info.plist; sourceTree = "<group>"; };
		7985C5251D3CA9270004A94D /* 03-BDNMProjectUITests.xctest */ = {isa = PBXFileReference; explicitFileType = wrapper.cfbundle; includeInIndex = 0; path = "03-BDNMProjectUITests.xctest"; sourceTree = BUILT_PRODUCTS_DIR; };
		7985C5291D3CA9270004A94D /* _3_BDNMProjectUITests.m */ = {isa = PBXFileReference; lastKnownFileType = sourcecode.c.objc; path = _3_BDNMProjectUITests.m; sourceTree = "<group>"; };
		7985C52B1D3CA9270004A94D /* Info.plist */ = {isa = PBXFileReference; lastKnownFileType = text.plist.xml; path = Info.plist; sourceTree = "<group>"; };
		7985C5481D3CAB1B0004A94D /* BNMainViewController.h */ = {isa = PBXFileReference; fileEncoding = 4; lastKnownFileType = sourcecode.c.h; path = BNMainViewController.h; sourceTree = "<group>"; };
		7985C5491D3CAB1B0004A94D /* BNMainViewController.m */ = {isa = PBXFileReference; fileEncoding = 4; lastKnownFileType = sourcecode.c.objc; path = BNMainViewController.m; sourceTree = "<group>"; };
		7985C54B1D3CAB310004A94D /* BNNearViewController.h */ = {isa = PBXFileReference; fileEncoding = 4; lastKnownFileType = sourcecode.c.h; path = BNNearViewController.h; sourceTree = "<group>"; };
		7985C54C1D3CAB310004A94D /* BNNearViewController.m */ = {isa = PBXFileReference; fileEncoding = 4; lastKnownFileType = sourcecode.c.objc; path = BNNearViewController.m; sourceTree = "<group>"; };
		7985C54E1D3CAB430004A94D /* BNChooseViewController.h */ = {isa = PBXFileReference; fileEncoding = 4; lastKnownFileType = sourcecode.c.h; path = BNChooseViewController.h; sourceTree = "<group>"; };
		7985C54F1D3CAB430004A94D /* BNChooseViewController.m */ = {isa = PBXFileReference; fileEncoding = 4; lastKnownFileType = sourcecode.c.objc; path = BNChooseViewController.m; sourceTree = "<group>"; };
		7985C5511D3CAB500004A94D /* BNMyViewController.h */ = {isa = PBXFileReference; fileEncoding = 4; lastKnownFileType = sourcecode.c.h; path = BNMyViewController.h; sourceTree = "<group>"; };
		7985C5521D3CAB500004A94D /* BNMyViewController.m */ = {isa = PBXFileReference; fileEncoding = 4; lastKnownFileType = sourcecode.c.objc; path = BNMyViewController.m; sourceTree = "<group>"; };
/* End PBXFileReference section */

/* Begin PBXFrameworksBuildPhase section */
		7985C4FE1D3CA9260004A94D /* Frameworks */ = {
			isa = PBXFrameworksBuildPhase;
			buildActionMask = 2147483647;
			files = (
			);
			runOnlyForDeploymentPostprocessing = 0;
		};
		7985C5171D3CA9270004A94D /* Frameworks */ = {
			isa = PBXFrameworksBuildPhase;
			buildActionMask = 2147483647;
			files = (
			);
			runOnlyForDeploymentPostprocessing = 0;
		};
		7985C5221D3CA9270004A94D /* Frameworks */ = {
			isa = PBXFrameworksBuildPhase;
			buildActionMask = 2147483647;
			files = (
			);
			runOnlyForDeploymentPostprocessing = 0;
		};
/* End PBXFrameworksBuildPhase section */

/* Begin PBXGroup section */
		79308C3E1D3CAE5800E082FF /* RootTabbarController */ = {
			isa = PBXGroup;
			children = (
				79308C3F1D3CAEB500E082FF /* BNTabbarViewController.h */,
				79308C401D3CAEB500E082FF /* BNTabbarViewController.m */,
			);
			name = RootTabbarController;
			sourceTree = "<group>";
		};
		79308C431D3CBBA500E082FF /* Test */ = {
			isa = PBXGroup;
			children = (
				79308C441D3CBBC300E082FF /* BNDetailViewController.h */,
				79308C451D3CBBC300E082FF /* BNDetailViewController.m */,
			);
			name = Test;
			sourceTree = "<group>";
		};
		79308C4A1D3CC92800E082FF /* AFNetworking */ = {
			isa = PBXGroup;
			children = (
				79308C4B1D3CC92800E082FF /* AFHTTPSessionManager.h */,
				79308C4C1D3CC92800E082FF /* AFHTTPSessionManager.m */,
				79308C4D1D3CC92800E082FF /* AFNetworking.h */,
				79308C4E1D3CC92800E082FF /* AFNetworkReachabilityManager.h */,
				79308C4F1D3CC92800E082FF /* AFNetworkReachabilityManager.m */,
				79308C501D3CC92800E082FF /* AFSecurityPolicy.h */,
				79308C511D3CC92800E082FF /* AFSecurityPolicy.m */,
				79308C521D3CC92800E082FF /* AFURLRequestSerialization.h */,
				79308C531D3CC92800E082FF /* AFURLRequestSerialization.m */,
				79308C541D3CC92800E082FF /* AFURLResponseSerialization.h */,
				79308C551D3CC92800E082FF /* AFURLResponseSerialization.m */,
				79308C561D3CC92800E082FF /* AFURLSessionManager.h */,
				79308C571D3CC92800E082FF /* AFURLSessionManager.m */,
			);
			path = AFNetworking;
			sourceTree = "<group>";
		};
		79308C5E1D3CC93000E082FF /* HttpRequest */ = {
			isa = PBXGroup;
			children = (
				79308C4A1D3CC92800E082FF /* AFNetworking */,
				79308C5F1D3CC95700E082FF /* HttpRequest.h */,
				79308C601D3CC95700E082FF /* HttpRequest.m */,
			);
			name = HttpRequest;
			sourceTree = "<group>";
		};
		7985C4F81D3CA9260004A94D = {
			isa = PBXGroup;
			children = (
				7985C5031D3CA9260004A94D /* 03-BDNMProject */,
				7985C51D1D3CA9270004A94D /* 03-BDNMProjectTests */,
				7985C5281D3CA9270004A94D /* 03-BDNMProjectUITests */,
				7985C5021D3CA9260004A94D /* Products */,
			);
			sourceTree = "<group>";
		};
		7985C5021D3CA9260004A94D /* Products */ = {
			isa = PBXGroup;
			children = (
				7985C5011D3CA9260004A94D /* 03-BDNMProject.app */,
				7985C51A1D3CA9270004A94D /* 03-BDNMProjectTests.xctest */,
				7985C5251D3CA9270004A94D /* 03-BDNMProjectUITests.xctest */,
			);
			name = Products;
			sourceTree = "<group>";
		};
		7985C5031D3CA9260004A94D /* 03-BDNMProject */ = {
			isa = PBXGroup;
			children = (
				79308C431D3CBBA500E082FF /* Test */,
				7985C53F1D3CAA050004A94D /* Config */,
				7985C53E1D3CA9F80004A94D /* Interface */,
				7985C53D1D3CA9F10004A94D /* Category */,
				7985C53C1D3CA9EC0004A94D /* Libs */,
				7985C53B1D3CA9D00004A94D /* My */,
				7985C53A1D3CA9C60004A94D /* Choose */,
				7985C5391D3CA9BB0004A94D /* Near */,
				7985C5381D3CA9AC0004A94D /* Main */,
				7985C5371D3CA9980004A94D /* APPDelegate */,
				79308C3E1D3CAE5800E082FF /* RootTabbarController */,
				7985C5101D3CA9260004A94D /* Assets.xcassets */,
				7985C5121D3CA9260004A94D /* LaunchScreen.storyboard */,
				7985C50D1D3CA9260004A94D /* Main.storyboard */,
				7985C5151D3CA9260004A94D /* Info.plist */,
				7985C5041D3CA9260004A94D /* Supporting Files */,
			);
			path = "03-BDNMProject";
			sourceTree = "<group>";
		};
		7985C5041D3CA9260004A94D /* Supporting Files */ = {
			isa = PBXGroup;
			children = (
				7985C5051D3CA9260004A94D /* main.m */,
			);
			name = "Supporting Files";
			sourceTree = "<group>";
		};
		7985C51D1D3CA9270004A94D /* 03-BDNMProjectTests */ = {
			isa = PBXGroup;
			children = (
				7985C51E1D3CA9270004A94D /* _3_BDNMProjectTests.m */,
				7985C5201D3CA9270004A94D /* Info.plist */,
			);
			path = "03-BDNMProjectTests";
			sourceTree = "<group>";
		};
		7985C5281D3CA9270004A94D /* 03-BDNMProjectUITests */ = {
			isa = PBXGroup;
			children = (
				7985C5291D3CA9270004A94D /* _3_BDNMProjectUITests.m */,
				7985C52B1D3CA9270004A94D /* Info.plist */,
			);
			path = "03-BDNMProjectUITests";
			sourceTree = "<group>";
		};
		7985C5371D3CA9980004A94D /* APPDelegate */ = {
			isa = PBXGroup;
			children = (
				7985C5071D3CA9260004A94D /* AppDelegate.h */,
				7985C5081D3CA9260004A94D /* AppDelegate.m */,
			);
			name = APPDelegate;
			sourceTree = "<group>";
		};
		7985C5381D3CA9AC0004A94D /* Main */ = {
			isa = PBXGroup;
			children = (
				7985C5471D3CAA980004A94D /* Models */,
				7985C5461D3CAA920004A94D /* Cells */,
				7985C5451D3CAA890004A94D /* Views */,
				7985C5401D3CAA510004A94D /* Controllers */,
			);
			name = Main;
			sourceTree = "<group>";
		};
		7985C5391D3CA9BB0004A94D /* Near */ = {
			isa = PBXGroup;
			children = (
				7985C5431D3CAA680004A94D /* Cells */,
				7985C5421D3CAA630004A94D /* Models */,
				7985C5411D3CAA5D0004A94D /* Views */,
				7985C5441D3CAA720004A94D /* Controllers */,
			);
			name = Near;
			sourceTree = "<group>";
		};
		7985C53A1D3CA9C60004A94D /* Choose */ = {
			isa = PBXGroup;
			children = (
				7985C54E1D3CAB430004A94D /* BNChooseViewController.h */,
				7985C54F1D3CAB430004A94D /* BNChooseViewController.m */,
			);
			name = Choose;
			sourceTree = "<group>";
		};
		7985C53B1D3CA9D00004A94D /* My */ = {
			isa = PBXGroup;
			children = (
				7985C5511D3CAB500004A94D /* BNMyViewController.h */,
				7985C5521D3CAB500004A94D /* BNMyViewController.m */,
			);
			name = My;
			sourceTree = "<group>";
		};
		7985C53C1D3CA9EC0004A94D /* Libs */ = {
			isa = PBXGroup;
			children = (
				79308C5E1D3CC93000E082FF /* HttpRequest */,
			);
			name = Libs;
			sourceTree = "<group>";
		};
		7985C53D1D3CA9F10004A94D /* Category */ = {
			isa = PBXGroup;
			children = (
			);
			name = Category;
			sourceTree = "<group>";
		};
		7985C53E1D3CA9F80004A94D /* Interface */ = {
			isa = PBXGroup;
			children = (
				79308C621D3CCCDB00E082FF /* BNUrl.h */,
			);
			name = Interface;
			sourceTree = "<group>";
		};
		7985C53F1D3CAA050004A94D /* Config */ = {
			isa = PBXGroup;
			children = (
			);
			name = Config;
			sourceTree = "<group>";
		};
		7985C5401D3CAA510004A94D /* Controllers */ = {
			isa = PBXGroup;
			children = (
				7985C5481D3CAB1B0004A94D /* BNMainViewController.h */,
				7985C5491D3CAB1B0004A94D /* BNMainViewController.m */,
			);
			name = Controllers;
			sourceTree = "<group>";
		};
		7985C5411D3CAA5D0004A94D /* Views */ = {
			isa = PBXGroup;
			children = (
			);
			name = Views;
			sourceTree = "<group>";
		};
		7985C5421D3CAA630004A94D /* Models */ = {
			isa = PBXGroup;
			children = (
			);
			name = Models;
			sourceTree = "<group>";
		};
		7985C5431D3CAA680004A94D /* Cells */ = {
			isa = PBXGroup;
			children = (
			);
			name = Cells;
			sourceTree = "<group>";
		};
		7985C5441D3CAA720004A94D /* Controllers */ = {
			isa = PBXGroup;
			children = (
				7985C54B1D3CAB310004A94D /* BNNearViewController.h */,
				7985C54C1D3CAB310004A94D /* BNNearViewController.m */,
			);
			name = Controllers;
			sourceTree = "<group>";
		};
		7985C5451D3CAA890004A94D /* Views */ = {
			isa = PBXGroup;
			children = (
				79308C471D3CC71300E082FF /* BNMainContentView.h */,
				79308C481D3CC71300E082FF /* BNMainContentView.m */,
			);
			name = Views;
			sourceTree = "<group>";
		};
		7985C5461D3CAA920004A94D /* Cells */ = {
			isa = PBXGroup;
			children = (
			);
			name = Cells;
			sourceTree = "<group>";
		};
		7985C5471D3CAA980004A94D /* Models */ = {
			isa = PBXGroup;
			children = (
			);
			name = Models;
			sourceTree = "<group>";
		};
/* End PBXGroup section */

/* Begin PBXNativeTarget section */
		7985C5001D3CA9260004A94D /* 03-BDNMProject */ = {
			isa = PBXNativeTarget;
			buildConfigurationList = 7985C52E1D3CA9270004A94D /* Build configuration list for PBXNativeTarget "03-BDNMProject" */;
			buildPhases = (
				7985C4FD1D3CA9260004A94D /* Sources */,
				7985C4FE1D3CA9260004A94D /* Frameworks */,
				7985C4FF1D3CA9260004A94D /* Resources */,
			);
			buildRules = (
			);
			dependencies = (
			);
			name = "03-BDNMProject";
			productName = "03-BDNMProject";
			productReference = 7985C5011D3CA9260004A94D /* 03-BDNMProject.app */;
			productType = "com.apple.product-type.application";
		};
		7985C5191D3CA9270004A94D /* 03-BDNMProjectTests */ = {
			isa = PBXNativeTarget;
			buildConfigurationList = 7985C5311D3CA9270004A94D /* Build configuration list for PBXNativeTarget "03-BDNMProjectTests" */;
			buildPhases = (
				7985C5161D3CA9270004A94D /* Sources */,
				7985C5171D3CA9270004A94D /* Frameworks */,
				7985C5181D3CA9270004A94D /* Resources */,
			);
			buildRules = (
			);
			dependencies = (
				7985C51C1D3CA9270004A94D /* PBXTargetDependency */,
			);
			name = "03-BDNMProjectTests";
			productName = "03-BDNMProjectTests";
			productReference = 7985C51A1D3CA9270004A94D /* 03-BDNMProjectTests.xctest */;
			productType = "com.apple.product-type.bundle.unit-test";
		};
		7985C5241D3CA9270004A94D /* 03-BDNMProjectUITests */ = {
			isa = PBXNativeTarget;
			buildConfigurationList = 7985C5341D3CA9270004A94D /* Build configuration list for PBXNativeTarget "03-BDNMProjectUITests" */;
			buildPhases = (
				7985C5211D3CA9270004A94D /* Sources */,
				7985C5221D3CA9270004A94D /* Frameworks */,
				7985C5231D3CA9270004A94D /* Resources */,
			);
			buildRules = (
			);
			dependencies = (
				7985C5271D3CA9270004A94D /* PBXTargetDependency */,
			);
			name = "03-BDNMProjectUITests";
			productName = "03-BDNMProjectUITests";
			productReference = 7985C5251D3CA9270004A94D /* 03-BDNMProjectUITests.xctest */;
			productType = "com.apple.product-type.bundle.ui-testing";
		};
/* End PBXNativeTarget section */

/* Begin PBXProject section */
		7985C4F91D3CA9260004A94D /* Project object */ = {
			isa = PBXProject;
			attributes = {
				CLASSPREFIX = BN;
				LastUpgradeCheck = 0730;
				ORGANIZATIONNAME = deli;
				TargetAttributes = {
					7985C5001D3CA9260004A94D = {
						CreatedOnToolsVersion = 7.3;
					};
					7985C5191D3CA9270004A94D = {
						CreatedOnToolsVersion = 7.3;
						TestTargetID = 7985C5001D3CA9260004A94D;
					};
					7985C5241D3CA9270004A94D = {
						CreatedOnToolsVersion = 7.3;
						TestTargetID = 7985C5001D3CA9260004A94D;
					};
				};
			};
			buildConfigurationList = 7985C4FC1D3CA9260004A94D /* Build configuration list for PBXProject "03-BDNMProject" */;
			compatibilityVersion = "Xcode 3.2";
			developmentRegion = English;
			hasScannedForEncodings = 0;
			knownRegions = (
				en,
				Base,
			);
			mainGroup = 7985C4F81D3CA9260004A94D;
			productRefGroup = 7985C5021D3CA9260004A94D /* Products */;
			projectDirPath = "";
			projectRoot = "";
			targets = (
				7985C5001D3CA9260004A94D /* 03-BDNMProject */,
				7985C5191D3CA9270004A94D /* 03-BDNMProjectTests */,
				7985C5241D3CA9270004A94D /* 03-BDNMProjectUITests */,
			);
		};
/* End PBXProject section */

/* Begin PBXResourcesBuildPhase section */
		7985C4FF1D3CA9260004A94D /* Resources */ = {
			isa = PBXResourcesBuildPhase;
			buildActionMask = 2147483647;
			files = (
				7985C5141D3CA9260004A94D /* LaunchScreen.storyboard in Resources */,
				7985C5111D3CA9260004A94D /* Assets.xcassets in Resources */,
				7985C50F1D3CA9260004A94D /* Main.storyboard in Resources */,
			);
			runOnlyForDeploymentPostprocessing = 0;
		};
		7985C5181D3CA9270004A94D /* Resources */ = {
			isa = PBXResourcesBuildPhase;
			buildActionMask = 2147483647;
			files = (
			);
			runOnlyForDeploymentPostprocessing = 0;
		};
		7985C5231D3CA9270004A94D /* Resources */ = {
			isa = PBXResourcesBuildPhase;
			buildActionMask = 2147483647;
			files = (
			);
			runOnlyForDeploymentPostprocessing = 0;
		};
/* End PBXResourcesBuildPhase section */

/* Begin PBXSourcesBuildPhase section */
		7985C4FD1D3CA9260004A94D /* Sources */ = {
			isa = PBXSourcesBuildPhase;
			buildActionMask = 2147483647;
			files = (
				79308C5D1D3CC92800E082FF /* AFURLSessionManager.m in Sources */,
				79308C611D3CC95700E082FF /* HttpRequest.m in Sources */,
				7985C5091D3CA9260004A94D /* AppDelegate.m in Sources */,
				7985C54A1D3CAB1B0004A94D /* BNMainViewController.m in Sources */,
				7985C54D1D3CAB310004A94D /* BNNearViewController.m in Sources */,
				7985C5061D3CA9260004A94D /* main.m in Sources */,
				79308C5A1D3CC92800E082FF /* AFSecurityPolicy.m in Sources */,
				79308C411D3CAEB500E082FF /* BNTabbarViewController.m in Sources */,
				79308C5B1D3CC92800E082FF /* AFURLRequestSerialization.m in Sources */,
				79308C491D3CC71300E082FF /* BNMainContentView.m in Sources */,
				79308C461D3CBBC300E082FF /* BNDetailViewController.m in Sources */,
				79308C581D3CC92800E082FF /* AFHTTPSessionManager.m in Sources */,
				7985C5531D3CAB500004A94D /* BNMyViewController.m in Sources */,
				79308C591D3CC92800E082FF /* AFNetworkReachabilityManager.m in Sources */,
				79308C5C1D3CC92800E082FF /* AFURLResponseSerialization.m in Sources */,
				7985C5501D3CAB430004A94D /* BNChooseViewController.m in Sources */,
			);
			runOnlyForDeploymentPostprocessing = 0;
		};
		7985C5161D3CA9270004A94D /* Sources */ = {
			isa = PBXSourcesBuildPhase;
			buildActionMask = 2147483647;
			files = (
				7985C51F1D3CA9270004A94D /* _3_BDNMProjectTests.m in Sources */,
			);
			runOnlyForDeploymentPostprocessing = 0;
		};
		7985C5211D3CA9270004A94D /* Sources */ = {
			isa = PBXSourcesBuildPhase;
			buildActionMask = 2147483647;
			files = (
				7985C52A1D3CA9270004A94D /* _3_BDNMProjectUITests.m in Sources */,
			);
			runOnlyForDeploymentPostprocessing = 0;
		};
/* End PBXSourcesBuildPhase section */

/* Begin PBXTargetDependency section */
		7985C51C1D3CA9270004A94D /* PBXTargetDependency */ = {
			isa = PBXTargetDependency;
			target = 7985C5001D3CA9260004A94D /* 03-BDNMProject */;
			targetProxy = 7985C51B1D3CA9270004A94D /* PBXContainerItemProxy */;
		};
		7985C5271D3CA9270004A94D /* PBXTargetDependency */ = {
			isa = PBXTargetDependency;
			target = 7985C5001D3CA9260004A94D /* 03-BDNMProject */;
			targetProxy = 7985C5261D3CA9270004A94D /* PBXContainerItemProxy */;
		};
/* End PBXTargetDependency section */

/* Begin PBXVariantGroup section */
		7985C50D1D3CA9260004A94D /* Main.storyboard */ = {
			isa = PBXVariantGroup;
			children = (
				7985C50E1D3CA9260004A94D /* Base */,
			);
			name = Main.storyboard;
			sourceTree = "<group>";
		};
		7985C5121D3CA9260004A94D /* LaunchScreen.storyboard */ = {
			isa = PBXVariantGroup;
			children = (
				7985C5131D3CA9260004A94D /* Base */,
			);
			name = LaunchScreen.storyboard;
			sourceTree = "<group>";
		};
/* End PBXVariantGroup section */

/* Begin XCBuildConfiguration section */
		7985C52C1D3CA9270004A94D /* Debug */ = {
			isa = XCBuildConfiguration;
			buildSettings = {
				ALWAYS_SEARCH_USER_PATHS = NO;
				CLANG_ANALYZER_NONNULL = YES;
				CLANG_CXX_LANGUAGE_STANDARD = "gnu++0x";
				CLANG_CXX_LIBRARY = "libc++";
				CLANG_ENABLE_MODULES = YES;
				CLANG_ENABLE_OBJC_ARC = YES;
				CLANG_WARN_BOOL_CONVERSION = YES;
				CLANG_WARN_CONSTANT_CONVERSION = YES;
				CLANG_WARN_DIRECT_OBJC_ISA_USAGE = YES_ERROR;
				CLANG_WARN_EMPTY_BODY = YES;
				CLANG_WARN_ENUM_CONVERSION = YES;
				CLANG_WARN_INT_CONVERSION = YES;
				CLANG_WARN_OBJC_ROOT_CLASS = YES_ERROR;
				CLANG_WARN_UNREACHABLE_CODE = YES;
				CLANG_WARN__DUPLICATE_METHOD_MATCH = YES;
				"CODE_SIGN_IDENTITY[sdk=iphoneos*]" = "iPhone Developer";
				COPY_PHASE_STRIP = NO;
				DEBUG_INFORMATION_FORMAT = dwarf;
				ENABLE_STRICT_OBJC_MSGSEND = YES;
				ENABLE_TESTABILITY = YES;
				GCC_C_LANGUAGE_STANDARD = gnu99;
				GCC_DYNAMIC_NO_PIC = NO;
				GCC_NO_COMMON_BLOCKS = YES;
				GCC_OPTIMIZATION_LEVEL = 0;
				GCC_PREPROCESSOR_DEFINITIONS = (
					"DEBUG=1",
					"$(inherited)",
				);
				GCC_WARN_64_TO_32_BIT_CONVERSION = YES;
				GCC_WARN_ABOUT_RETURN_TYPE = YES_ERROR;
				GCC_WARN_UNDECLARED_SELECTOR = YES;
				GCC_WARN_UNINITIALIZED_AUTOS = YES_AGGRESSIVE;
				GCC_WARN_UNUSED_FUNCTION = YES;
				GCC_WARN_UNUSED_VARIABLE = YES;
				IPHONEOS_DEPLOYMENT_TARGET = 9.3;
				MTL_ENABLE_DEBUG_INFO = YES;
				ONLY_ACTIVE_ARCH = YES;
				SDKROOT = iphoneos;
			};
			name = Debug;
		};
		7985C52D1D3CA9270004A94D /* Release */ = {
			isa = XCBuildConfiguration;
			buildSettings = {
				ALWAYS_SEARCH_USER_PATHS = NO;
				CLANG_ANALYZER_NONNULL = YES;
				CLANG_CXX_LANGUAGE_STANDARD = "gnu++0x";
				CLANG_CXX_LIBRARY = "libc++";
				CLANG_ENABLE_MODULES = YES;
				CLANG_ENABLE_OBJC_ARC = YES;
				CLANG_WARN_BOOL_CONVERSION = YES;
				CLANG_WARN_CONSTANT_CONVERSION = YES;
				CLANG_WARN_DIRECT_OBJC_ISA_USAGE = YES_ERROR;
				CLANG_WARN_EMPTY_BODY = YES;
				CLANG_WARN_ENUM_CONVERSION = YES;
				CLANG_WARN_INT_CONVERSION = YES;
				CLANG_WARN_OBJC_ROOT_CLASS = YES_ERROR;
				CLANG_WARN_UNREACHABLE_CODE = YES;
				CLANG_WARN__DUPLICATE_METHOD_MATCH = YES;
				"CODE_SIGN_IDENTITY[sdk=iphoneos*]" = "iPhone Developer";
				COPY_PHASE_STRIP = NO;
				DEBUG_INFORMATION_FORMAT = "dwarf-with-dsym";
				ENABLE_NS_ASSERTIONS = NO;
				ENABLE_STRICT_OBJC_MSGSEND = YES;
				GCC_C_LANGUAGE_STANDARD = gnu99;
				GCC_NO_COMMON_BLOCKS = YES;
				GCC_WARN_64_TO_32_BIT_CONVERSION = YES;
				GCC_WARN_ABOUT_RETURN_TYPE = YES_ERROR;
				GCC_WARN_UNDECLARED_SELECTOR = YES;
				GCC_WARN_UNINITIALIZED_AUTOS = YES_AGGRESSIVE;
				GCC_WARN_UNUSED_FUNCTION = YES;
				GCC_WARN_UNUSED_VARIABLE = YES;
				IPHONEOS_DEPLOYMENT_TARGET = 9.3;
				MTL_ENABLE_DEBUG_INFO = NO;
				SDKROOT = iphoneos;
				VALIDATE_PRODUCT = YES;
			};
			name = Release;
		};
		7985C52F1D3CA9270004A94D /* Debug */ = {
			isa = XCBuildConfiguration;
			buildSettings = {
				ASSETCATALOG_COMPILER_APPICON_NAME = AppIcon;
				ASSETCATALOG_COMPILER_LAUNCHIMAGE_NAME = "Brand Assets";
				INFOPLIST_FILE = "03-BDNMProject/Info.plist";
				LD_RUNPATH_SEARCH_PATHS = "$(inherited) @executable_path/Frameworks";
				PRODUCT_BUNDLE_IDENTIFIER = "dasfds.-3-BDNMProject";
				PRODUCT_NAME = "$(TARGET_NAME)";
			};
			name = Debug;
		};
		7985C5301D3CA9270004A94D /* Release */ = {
			isa = XCBuildConfiguration;
			buildSettings = {
				ASSETCATALOG_COMPILER_APPICON_NAME = AppIcon;
				ASSETCATALOG_COMPILER_LAUNCHIMAGE_NAME = "Brand Assets";
				INFOPLIST_FILE = "03-BDNMProject/Info.plist";
				LD_RUNPATH_SEARCH_PATHS = "$(inherited) @executable_path/Frameworks";
				PRODUCT_BUNDLE_IDENTIFIER = "dasfds.-3-BDNMProject";
				PRODUCT_NAME = "$(TARGET_NAME)";
			};
			name = Release;
		};
		7985C5321D3CA9270004A94D /* Debug */ = {
			isa = XCBuildConfiguration;
			buildSettings = {
				BUNDLE_LOADER = "$(TEST_HOST)";
				INFOPLIST_FILE = "03-BDNMProjectTests/Info.plist";
				LD_RUNPATH_SEARCH_PATHS = "$(inherited) @executable_path/Frameworks @loader_path/Frameworks";
				PRODUCT_BUNDLE_IDENTIFIER = "dasfds.-3-BDNMProjectTests";
				PRODUCT_NAME = "$(TARGET_NAME)";
				TEST_HOST = "$(BUILT_PRODUCTS_DIR)/03-BDNMProject.app/03-BDNMProject";
			};
			name = Debug;
		};
		7985C5331D3CA9270004A94D /* Release */ = {
			isa = XCBuildConfiguration;
			buildSettings = {
				BUNDLE_LOADER = "$(TEST_HOST)";
				INFOPLIST_FILE = "03-BDNMProjectTests/Info.plist";
				LD_RUNPATH_SEARCH_PATHS = "$(inherited) @executable_path/Frameworks @loader_path/Frameworks";
				PRODUCT_BUNDLE_IDENTIFIER = "dasfds.-3-BDNMProjectTests";
				PRODUCT_NAME = "$(TARGET_NAME)";
				TEST_HOST = "$(BUILT_PRODUCTS_DIR)/03-BDNMProject.app/03-BDNMProject";
			};
			name = Release;
		};
		7985C5351D3CA9270004A94D /* Debug */ = {
			isa = XCBuildConfiguration;
			buildSettings = {
				INFOPLIST_FILE = "03-BDNMProjectUITests/Info.plist";
				LD_RUNPATH_SEARCH_PATHS = "$(inherited) @executable_path/Frameworks @loader_path/Frameworks";
				PRODUCT_BUNDLE_IDENTIFIER = "dasfds.-3-BDNMProjectUITests";
				PRODUCT_NAME = "$(TARGET_NAME)";
				TEST_TARGET_NAME = "03-BDNMProject";
			};
			name = Debug;
		};
		7985C5361D3CA9270004A94D /* Release */ = {
			isa = XCBuildConfiguration;
			buildSettings = {
				INFOPLIST_FILE = "03-BDNMProjectUITests/Info.plist";
				LD_RUNPATH_SEARCH_PATHS = "$(inherited) @executable_path/Frameworks @loader_path/Frameworks";
				PRODUCT_BUNDLE_IDENTIFIER = "dasfds.-3-BDNMProjectUITests";
				PRODUCT_NAME = "$(TARGET_NAME)";
				TEST_TARGET_NAME = "03-BDNMProject";
			};
			name = Release;
		};
/* End XCBuildConfiguration section */

/* Begin XCConfigurationList section */
		7985C4FC1D3CA9260004A94D /* Build configuration list for PBXProject "03-BDNMProject" */ = {
			isa = XCConfigurationList;
			buildConfigurations = (
				7985C52C1D3CA9270004A94D /* Debug */,
				7985C52D1D3CA9270004A94D /* Release */,
			);
			defaultConfigurationIsVisible = 0;
			defaultConfigurationName = Release;
		};
		7985C52E1D3CA9270004A94D /* Build configuration list for PBXNativeTarget "03-BDNMProject" */ = {
			isa = XCConfigurationList;
			buildConfigurations = (
				7985C52F1D3CA9270004A94D /* Debug */,
				7985C5301D3CA9270004A94D /* Release */,
			);
			defaultConfigurationIsVisible = 0;
			defaultConfigurationName = Release;
		};
		7985C5311D3CA9270004A94D /* Build configuration list for PBXNativeTarget "03-BDNMProjectTests" */ = {
			isa = XCConfigurationList;
			buildConfigurations = (
				7985C5321D3CA9270004A94D /* Debug */,
				7985C5331D3CA9270004A94D /* Release */,
			);
			defaultConfigurationIsVisible = 0;
			defaultConfigurationName = Release;
		};
		7985C5341D3CA9270004A94D /* Build configuration list for PBXNativeTarget "03-BDNMProjectUITests" */ = {
			isa = XCConfigurationList;
			buildConfigurations = (
				7985C5351D3CA9270004A94D /* Debug */,
				7985C5361D3CA9270004A94D /* Release */,
			);
			defaultConfigurationIsVisible = 0;
			defaultConfigurationName = Release;
		};
/* End XCConfigurationList section */
	};
	rootObject = 7985C4F91D3CA9260004A94D /* Project object */;
}
