// !$*UTF8*$!
{
	archiveVersion = 1;
	classes = {
	};
	objectVersion = 46;
	objects = {

/* Begin PBXBuildFile section */
		790002661D5C5A2F00C8D668 /* main.m in Sources */ = {isa = PBXBuildFile; fileRef = 790002651D5C5A2F00C8D668 /* main.m */; };
		790002691D5C5A2F00C8D668 /* AppDelegate.m in Sources */ = {isa = PBXBuildFile; fileRef = 790002681D5C5A2F00C8D668 /* AppDelegate.m */; };
		7900026C1D5C5A2F00C8D668 /* ViewController.m in Sources */ = {isa = PBXBuildFile; fileRef = 7900026B1D5C5A2F00C8D668 /* ViewController.m */; };
		7900026F1D5C5A2F00C8D668 /* Main.storyboard in Resources */ = {isa = PBXBuildFile; fileRef = 7900026D1D5C5A2F00C8D668 /* Main.storyboard */; };
		790002711D5C5A2F00C8D668 /* Assets.xcassets in Resources */ = {isa = PBXBuildFile; fileRef = 790002701D5C5A2F00C8D668 /* Assets.xcassets */; };
		790002741D5C5A2F00C8D668 /* LaunchScreen.storyboard in Resources */ = {isa = PBXBuildFile; fileRef = 790002721D5C5A2F00C8D668 /* LaunchScreen.storyboard */; };
		7900027F1D5C5A3000C8D668 /* _2_______Tests.m in Sources */ = {isa = PBXBuildFile; fileRef = 7900027E1D5C5A3000C8D668 /* _2_______Tests.m */; };
		7900028A1D5C5A3000C8D668 /* _2_______UITests.m in Sources */ = {isa = PBXBuildFile; fileRef = 790002891D5C5A3000C8D668 /* _2_______UITests.m */; };
		790002991D5C5AE300C8D668 /* Cal.m in Sources */ = {isa = PBXBuildFile; fileRef = 790002981D5C5AE300C8D668 /* Cal.m */; };
/* End PBXBuildFile section */

/* Begin PBXContainerItemProxy section */
		7900027B1D5C5A3000C8D668 /* PBXContainerItemProxy */ = {
			isa = PBXContainerItemProxy;
			containerPortal = 790002591D5C5A2F00C8D668 /* Project object */;
			proxyType = 1;
			remoteGlobalIDString = 790002601D5C5A2F00C8D668;
			remoteInfo = "02-单元测试用例";
		};
		790002861D5C5A3000C8D668 /* PBXContainerItemProxy */ = {
			isa = PBXContainerItemProxy;
			containerPortal = 790002591D5C5A2F00C8D668 /* Project object */;
			proxyType = 1;
			remoteGlobalIDString = 790002601D5C5A2F00C8D668;
			remoteInfo = "02-单元测试用例";
		};
/* End PBXContainerItemProxy section */

/* Begin PBXFileReference section */
		790002611D5C5A2F00C8D668 /* 02-单元测试用例.app */ = {isa = PBXFileReference; explicitFileType = wrapper.application; includeInIndex = 0; path = "02-单元测试用例.app"; sourceTree = BUILT_PRODUCTS_DIR; };
		790002651D5C5A2F00C8D668 /* main.m */ = {isa = PBXFileReference; lastKnownFileType = sourcecode.c.objc; path = main.m; sourceTree = "<group>"; };
		790002671D5C5A2F00C8D668 /* AppDelegate.h */ = {isa = PBXFileReference; lastKnownFileType = sourcecode.c.h; path = AppDelegate.h; sourceTree = "<group>"; };
		790002681D5C5A2F00C8D668 /* AppDelegate.m */ = {isa = PBXFileReference; lastKnownFileType = sourcecode.c.objc; path = AppDelegate.m; sourceTree = "<group>"; };
		7900026A1D5C5A2F00C8D668 /* ViewController.h */ = {isa = PBXFileReference; lastKnownFileType = sourcecode.c.h; path = ViewController.h; sourceTree = "<group>"; };
		7900026B1D5C5A2F00C8D668 /* ViewController.m */ = {isa = PBXFileReference; lastKnownFileType = sourcecode.c.objc; path = ViewController.m; sourceTree = "<group>"; };
		7900026E1D5C5A2F00C8D668 /* Base */ = {isa = PBXFileReference; lastKnownFileType = file.storyboard; name = Base; path = Base.lproj/Main.storyboard; sourceTree = "<group>"; };
		790002701D5C5A2F00C8D668 /* Assets.xcassets */ = {isa = PBXFileReference; lastKnownFileType = folder.assetcatalog; path = Assets.xcassets; sourceTree = "<group>"; };
		790002731D5C5A2F00C8D668 /* Base */ = {isa = PBXFileReference; lastKnownFileType = file.storyboard; name = Base; path = Base.lproj/LaunchScreen.storyboard; sourceTree = "<group>"; };
		790002751D5C5A2F00C8D668 /* Info.plist */ = {isa = PBXFileReference; lastKnownFileType = text.plist.xml; path = Info.plist; sourceTree = "<group>"; };
		7900027A1D5C5A3000C8D668 /* 02-单元测试用例Tests.xctest */ = {isa = PBXFileReference; explicitFileType = wrapper.cfbundle; includeInIndex = 0; path = "02-单元测试用例Tests.xctest"; sourceTree = BUILT_PRODUCTS_DIR; };
		7900027E1D5C5A3000C8D668 /* _2_______Tests.m */ = {isa = PBXFileReference; lastKnownFileType = sourcecode.c.objc; path = "_2_______Tests.m"; sourceTree = "<group>"; };
		790002801D5C5A3000C8D668 /* Info.plist */ = {isa = PBXFileReference; lastKnownFileType = text.plist.xml; path = Info.plist; sourceTree = "<group>"; };
		790002851D5C5A3000C8D668 /* 02-单元测试用例UITests.xctest */ = {isa = PBXFileReference; explicitFileType = wrapper.cfbundle; includeInIndex = 0; path = "02-单元测试用例UITests.xctest"; sourceTree = BUILT_PRODUCTS_DIR; };
		790002891D5C5A3000C8D668 /* _2_______UITests.m */ = {isa = PBXFileReference; lastKnownFileType = sourcecode.c.objc; path = "_2_______UITests.m"; sourceTree = "<group>"; };
		7900028B1D5C5A3000C8D668 /* Info.plist */ = {isa = PBXFileReference; lastKnownFileType = text.plist.xml; path = Info.plist; sourceTree = "<group>"; };
		790002971D5C5AE300C8D668 /* Cal.h */ = {isa = PBXFileReference; fileEncoding = 4; lastKnownFileType = sourcecode.c.h; path = Cal.h; sourceTree = "<group>"; };
		790002981D5C5AE300C8D668 /* Cal.m */ = {isa = PBXFileReference; fileEncoding = 4; lastKnownFileType = sourcecode.c.objc; path = Cal.m; sourceTree = "<group>"; };
/* End PBXFileReference section */

/* Begin PBXFrameworksBuildPhase section */
		7900025E1D5C5A2F00C8D668 /* Frameworks */ = {
			isa = PBXFrameworksBuildPhase;
			buildActionMask = 2147483647;
			files = (
			);
			runOnlyForDeploymentPostprocessing = 0;
		};
		790002771D5C5A3000C8D668 /* Frameworks */ = {
			isa = PBXFrameworksBuildPhase;
			buildActionMask = 2147483647;
			files = (
			);
			runOnlyForDeploymentPostprocessing = 0;
		};
		790002821D5C5A3000C8D668 /* Frameworks */ = {
			isa = PBXFrameworksBuildPhase;
			buildActionMask = 2147483647;
			files = (
			);
			runOnlyForDeploymentPostprocessing = 0;
		};
/* End PBXFrameworksBuildPhase section */

/* Begin PBXGroup section */
		790002581D5C5A2F00C8D668 = {
			isa = PBXGroup;
			children = (
				790002631D5C5A2F00C8D668 /* 02-单元测试用例 */,
				7900027D1D5C5A3000C8D668 /* 02-单元测试用例Tests */,
				790002881D5C5A3000C8D668 /* 02-单元测试用例UITests */,
				790002621D5C5A2F00C8D668 /* Products */,
			);
			sourceTree = "<group>";
		};
		790002621D5C5A2F00C8D668 /* Products */ = {
			isa = PBXGroup;
			children = (
				790002611D5C5A2F00C8D668 /* 02-单元测试用例.app */,
				7900027A1D5C5A3000C8D668 /* 02-单元测试用例Tests.xctest */,
				790002851D5C5A3000C8D668 /* 02-单元测试用例UITests.xctest */,
			);
			name = Products;
			sourceTree = "<group>";
		};
		790002631D5C5A2F00C8D668 /* 02-单元测试用例 */ = {
			isa = PBXGroup;
			children = (
				790002671D5C5A2F00C8D668 /* AppDelegate.h */,
				790002681D5C5A2F00C8D668 /* AppDelegate.m */,
				7900026A1D5C5A2F00C8D668 /* ViewController.h */,
				7900026B1D5C5A2F00C8D668 /* ViewController.m */,
				790002971D5C5AE300C8D668 /* Cal.h */,
				790002981D5C5AE300C8D668 /* Cal.m */,
				7900026D1D5C5A2F00C8D668 /* Main.storyboard */,
				790002701D5C5A2F00C8D668 /* Assets.xcassets */,
				790002721D5C5A2F00C8D668 /* LaunchScreen.storyboard */,
				790002751D5C5A2F00C8D668 /* Info.plist */,
				790002641D5C5A2F00C8D668 /* Supporting Files */,
			);
			path = "02-单元测试用例";
			sourceTree = "<group>";
		};
		790002641D5C5A2F00C8D668 /* Supporting Files */ = {
			isa = PBXGroup;
			children = (
				790002651D5C5A2F00C8D668 /* main.m */,
			);
			name = "Supporting Files";
			sourceTree = "<group>";
		};
		7900027D1D5C5A3000C8D668 /* 02-单元测试用例Tests */ = {
			isa = PBXGroup;
			children = (
				7900027E1D5C5A3000C8D668 /* _2_______Tests.m */,
				790002801D5C5A3000C8D668 /* Info.plist */,
			);
			path = "02-单元测试用例Tests";
			sourceTree = "<group>";
		};
		790002881D5C5A3000C8D668 /* 02-单元测试用例UITests */ = {
			isa = PBXGroup;
			children = (
				790002891D5C5A3000C8D668 /* _2_______UITests.m */,
				7900028B1D5C5A3000C8D668 /* Info.plist */,
			);
			path = "02-单元测试用例UITests";
			sourceTree = "<group>";
		};
/* End PBXGroup section */

/* Begin PBXNativeTarget section */
		790002601D5C5A2F00C8D668 /* 02-单元测试用例 */ = {
			isa = PBXNativeTarget;
			buildConfigurationList = 7900028E1D5C5A3000C8D668 /* Build configuration list for PBXNativeTarget "02-单元测试用例" */;
			buildPhases = (
				7900025D1D5C5A2F00C8D668 /* Sources */,
				7900025E1D5C5A2F00C8D668 /* Frameworks */,
				7900025F1D5C5A2F00C8D668 /* Resources */,
			);
			buildRules = (
			);
			dependencies = (
			);
			name = "02-单元测试用例";
			productName = "02-单元测试用例";
			productReference = 790002611D5C5A2F00C8D668 /* 02-单元测试用例.app */;
			productType = "com.apple.product-type.application";
		};
		790002791D5C5A3000C8D668 /* 02-单元测试用例Tests */ = {
			isa = PBXNativeTarget;
			buildConfigurationList = 790002911D5C5A3000C8D668 /* Build configuration list for PBXNativeTarget "02-单元测试用例Tests" */;
			buildPhases = (
				790002761D5C5A3000C8D668 /* Sources */,
				790002771D5C5A3000C8D668 /* Frameworks */,
				790002781D5C5A3000C8D668 /* Resources */,
			);
			buildRules = (
			);
			dependencies = (
				7900027C1D5C5A3000C8D668 /* PBXTargetDependency */,
			);
			name = "02-单元测试用例Tests";
			productName = "02-单元测试用例Tests";
			productReference = 7900027A1D5C5A3000C8D668 /* 02-单元测试用例Tests.xctest */;
			productType = "com.apple.product-type.bundle.unit-test";
		};
		790002841D5C5A3000C8D668 /* 02-单元测试用例UITests */ = {
			isa = PBXNativeTarget;
			buildConfigurationList = 790002941D5C5A3000C8D668 /* Build configuration list for PBXNativeTarget "02-单元测试用例UITests" */;
			buildPhases = (
				790002811D5C5A3000C8D668 /* Sources */,
				790002821D5C5A3000C8D668 /* Frameworks */,
				790002831D5C5A3000C8D668 /* Resources */,
			);
			buildRules = (
			);
			dependencies = (
				790002871D5C5A3000C8D668 /* PBXTargetDependency */,
			);
			name = "02-单元测试用例UITests";
			productName = "02-单元测试用例UITests";
			productReference = 790002851D5C5A3000C8D668 /* 02-单元测试用例UITests.xctest */;
			productType = "com.apple.product-type.bundle.ui-testing";
		};
/* End PBXNativeTarget section */

/* Begin PBXProject section */
		790002591D5C5A2F00C8D668 /* Project object */ = {
			isa = PBXProject;
			attributes = {
				LastUpgradeCheck = 0820;
				ORGANIZATIONNAME = deli;
				TargetAttributes = {
					790002601D5C5A2F00C8D668 = {
						CreatedOnToolsVersion = 7.3;
					};
					790002791D5C5A3000C8D668 = {
						CreatedOnToolsVersion = 7.3;
						TestTargetID = 790002601D5C5A2F00C8D668;
					};
					790002841D5C5A3000C8D668 = {
						CreatedOnToolsVersion = 7.3;
						TestTargetID = 790002601D5C5A2F00C8D668;
					};
				};
			};
			buildConfigurationList = 7900025C1D5C5A2F00C8D668 /* Build configuration list for PBXProject "02-单元测试用例" */;
			compatibilityVersion = "Xcode 3.2";
			developmentRegion = English;
			hasScannedForEncodings = 0;
			knownRegions = (
				en,
				Base,
			);
			mainGroup = 790002581D5C5A2F00C8D668;
			productRefGroup = 790002621D5C5A2F00C8D668 /* Products */;
			projectDirPath = "";
			projectRoot = "";
			targets = (
				790002601D5C5A2F00C8D668 /* 02-单元测试用例 */,
				790002791D5C5A3000C8D668 /* 02-单元测试用例Tests */,
				790002841D5C5A3000C8D668 /* 02-单元测试用例UITests */,
			);
		};
/* End PBXProject section */

/* Begin PBXResourcesBuildPhase section */
		7900025F1D5C5A2F00C8D668 /* Resources */ = {
			isa = PBXResourcesBuildPhase;
			buildActionMask = 2147483647;
			files = (
				790002741D5C5A2F00C8D668 /* LaunchScreen.storyboard in Resources */,
				790002711D5C5A2F00C8D668 /* Assets.xcassets in Resources */,
				7900026F1D5C5A2F00C8D668 /* Main.storyboard in Resources */,
			);
			runOnlyForDeploymentPostprocessing = 0;
		};
		790002781D5C5A3000C8D668 /* Resources */ = {
			isa = PBXResourcesBuildPhase;
			buildActionMask = 2147483647;
			files = (
			);
			runOnlyForDeploymentPostprocessing = 0;
		};
		790002831D5C5A3000C8D668 /* Resources */ = {
			isa = PBXResourcesBuildPhase;
			buildActionMask = 2147483647;
			files = (
			);
			runOnlyForDeploymentPostprocessing = 0;
		};
/* End PBXResourcesBuildPhase section */

/* Begin PBXSourcesBuildPhase section */
		7900025D1D5C5A2F00C8D668 /* Sources */ = {
			isa = PBXSourcesBuildPhase;
			buildActionMask = 2147483647;
			files = (
				790002991D5C5AE300C8D668 /* Cal.m in Sources */,
				7900026C1D5C5A2F00C8D668 /* ViewController.m in Sources */,
				790002691D5C5A2F00C8D668 /* AppDelegate.m in Sources */,
				790002661D5C5A2F00C8D668 /* main.m in Sources */,
			);
			runOnlyForDeploymentPostprocessing = 0;
		};
		790002761D5C5A3000C8D668 /* Sources */ = {
			isa = PBXSourcesBuildPhase;
			buildActionMask = 2147483647;
			files = (
				7900027F1D5C5A3000C8D668 /* _2_______Tests.m in Sources */,
			);
			runOnlyForDeploymentPostprocessing = 0;
		};
		790002811D5C5A3000C8D668 /* Sources */ = {
			isa = PBXSourcesBuildPhase;
			buildActionMask = 2147483647;
			files = (
				7900028A1D5C5A3000C8D668 /* _2_______UITests.m in Sources */,
			);
			runOnlyForDeploymentPostprocessing = 0;
		};
/* End PBXSourcesBuildPhase section */

/* Begin PBXTargetDependency section */
		7900027C1D5C5A3000C8D668 /* PBXTargetDependency */ = {
			isa = PBXTargetDependency;
			target = 790002601D5C5A2F00C8D668 /* 02-单元测试用例 */;
			targetProxy = 7900027B1D5C5A3000C8D668 /* PBXContainerItemProxy */;
		};
		790002871D5C5A3000C8D668 /* PBXTargetDependency */ = {
			isa = PBXTargetDependency;
			target = 790002601D5C5A2F00C8D668 /* 02-单元测试用例 */;
			targetProxy = 790002861D5C5A3000C8D668 /* PBXContainerItemProxy */;
		};
/* End PBXTargetDependency section */

/* Begin PBXVariantGroup section */
		7900026D1D5C5A2F00C8D668 /* Main.storyboard */ = {
			isa = PBXVariantGroup;
			children = (
				7900026E1D5C5A2F00C8D668 /* Base */,
			);
			name = Main.storyboard;
			sourceTree = "<group>";
		};
		790002721D5C5A2F00C8D668 /* LaunchScreen.storyboard */ = {
			isa = PBXVariantGroup;
			children = (
				790002731D5C5A2F00C8D668 /* Base */,
			);
			name = LaunchScreen.storyboard;
			sourceTree = "<group>";
		};
/* End PBXVariantGroup section */

/* Begin XCBuildConfiguration section */
		7900028C1D5C5A3000C8D668 /* Debug */ = {
			isa = XCBuildConfiguration;
			buildSettings = {
				ALWAYS_SEARCH_USER_PATHS = NO;
				CLANG_ANALYZER_NONNULL = YES;
				CLANG_CXX_LANGUAGE_STANDARD = "gnu++0x";
				CLANG_CXX_LIBRARY = "libc++";
				CLANG_ENABLE_MODULES = YES;
				CLANG_ENABLE_OBJC_ARC = YES;
				CLANG_WARN_BOOL_CONVERSION = YES;
				CLANG_WARN_CONSTANT_CONVERSION = YES;
				CLANG_WARN_DIRECT_OBJC_ISA_USAGE = YES_ERROR;
				CLANG_WARN_EMPTY_BODY = YES;
				CLANG_WARN_ENUM_CONVERSION = YES;
				CLANG_WARN_INFINITE_RECURSION = YES;
				CLANG_WARN_INT_CONVERSION = YES;
				CLANG_WARN_OBJC_ROOT_CLASS = YES_ERROR;
				CLANG_WARN_SUSPICIOUS_MOVE = YES;
				CLANG_WARN_UNREACHABLE_CODE = YES;
				CLANG_WARN__DUPLICATE_METHOD_MATCH = YES;
				"CODE_SIGN_IDENTITY[sdk=iphoneos*]" = "iPhone Developer";
				COPY_PHASE_STRIP = NO;
				DEBUG_INFORMATION_FORMAT = dwarf;
				ENABLE_STRICT_OBJC_MSGSEND = YES;
				ENABLE_TESTABILITY = YES;
				GCC_C_LANGUAGE_STANDARD = gnu99;
				GCC_DYNAMIC_NO_PIC = NO;
				GCC_NO_COMMON_BLOCKS = YES;
				GCC_OPTIMIZATION_LEVEL = 0;
				GCC_PREPROCESSOR_DEFINITIONS = (
					"DEBUG=1",
					"$(inherited)",
				);
				GCC_WARN_64_TO_32_BIT_CONVERSION = YES;
				GCC_WARN_ABOUT_RETURN_TYPE = YES_ERROR;
				GCC_WARN_UNDECLARED_SELECTOR = YES;
				GCC_WARN_UNINITIALIZED_AUTOS = YES_AGGRESSIVE;
				GCC_WARN_UNUSED_FUNCTION = YES;
				GCC_WARN_UNUSED_VARIABLE = YES;
				IPHONEOS_DEPLOYMENT_TARGET = 9.3;
				MTL_ENABLE_DEBUG_INFO = YES;
				ONLY_ACTIVE_ARCH = YES;
				SDKROOT = iphoneos;
			};
			name = Debug;
		};
		7900028D1D5C5A3000C8D668 /* Release */ = {
			isa = XCBuildConfiguration;
			buildSettings = {
				ALWAYS_SEARCH_USER_PATHS = NO;
				CLANG_ANALYZER_NONNULL = YES;
				CLANG_CXX_LANGUAGE_STANDARD = "gnu++0x";
				CLANG_CXX_LIBRARY = "libc++";
				CLANG_ENABLE_MODULES = YES;
				CLANG_ENABLE_OBJC_ARC = YES;
				CLANG_WARN_BOOL_CONVERSION = YES;
				CLANG_WARN_CONSTANT_CONVERSION = YES;
				CLANG_WARN_DIRECT_OBJC_ISA_USAGE = YES_ERROR;
				CLANG_WARN_EMPTY_BODY = YES;
				CLANG_WARN_ENUM_CONVERSION = YES;
				CLANG_WARN_INFINITE_RECURSION = YES;
				CLANG_WARN_INT_CONVERSION = YES;
				CLANG_WARN_OBJC_ROOT_CLASS = YES_ERROR;
				CLANG_WARN_SUSPICIOUS_MOVE = YES;
				CLANG_WARN_UNREACHABLE_CODE = YES;
				CLANG_WARN__DUPLICATE_METHOD_MATCH = YES;
				"CODE_SIGN_IDENTITY[sdk=iphoneos*]" = "iPhone Developer";
				COPY_PHASE_STRIP = NO;
				DEBUG_INFORMATION_FORMAT = "dwarf-with-dsym";
				ENABLE_NS_ASSERTIONS = NO;
				ENABLE_STRICT_OBJC_MSGSEND = YES;
				GCC_C_LANGUAGE_STANDARD = gnu99;
				GCC_NO_COMMON_BLOCKS = YES;
				GCC_WARN_64_TO_32_BIT_CONVERSION = YES;
				GCC_WARN_ABOUT_RETURN_TYPE = YES_ERROR;
				GCC_WARN_UNDECLARED_SELECTOR = YES;
				GCC_WARN_UNINITIALIZED_AUTOS = YES_AGGRESSIVE;
				GCC_WARN_UNUSED_FUNCTION = YES;
				GCC_WARN_UNUSED_VARIABLE = YES;
				IPHONEOS_DEPLOYMENT_TARGET = 9.3;
				MTL_ENABLE_DEBUG_INFO = NO;
				SDKROOT = iphoneos;
				VALIDATE_PRODUCT = YES;
			};
			name = Release;
		};
		7900028F1D5C5A3000C8D668 /* Debug */ = {
			isa = XCBuildConfiguration;
			buildSettings = {
				ASSETCATALOG_COMPILER_APPICON_NAME = AppIcon;
				INFOPLIST_FILE = "02-单元测试用例/Info.plist";
				LD_RUNPATH_SEARCH_PATHS = "$(inherited) @executable_path/Frameworks";
				PRODUCT_BUNDLE_IDENTIFIER = "dasfds.-2-------";
				PRODUCT_NAME = "$(TARGET_NAME)";
			};
			name = Debug;
		};
		790002901D5C5A3000C8D668 /* Release */ = {
			isa = XCBuildConfiguration;
			buildSettings = {
				ASSETCATALOG_COMPILER_APPICON_NAME = AppIcon;
				INFOPLIST_FILE = "02-单元测试用例/Info.plist";
				LD_RUNPATH_SEARCH_PATHS = "$(inherited) @executable_path/Frameworks";
				PRODUCT_BUNDLE_IDENTIFIER = "dasfds.-2-------";
				PRODUCT_NAME = "$(TARGET_NAME)";
			};
			name = Release;
		};
		790002921D5C5A3000C8D668 /* Debug */ = {
			isa = XCBuildConfiguration;
			buildSettings = {
				BUNDLE_LOADER = "$(TEST_HOST)";
				INFOPLIST_FILE = "02-单元测试用例Tests/Info.plist";
				LD_RUNPATH_SEARCH_PATHS = "$(inherited) @executable_path/Frameworks @loader_path/Frameworks";
				PRODUCT_BUNDLE_IDENTIFIER = "dasfds.-2-------Tests";
				PRODUCT_NAME = "$(TARGET_NAME)";
				TEST_HOST = "$(BUILT_PRODUCTS_DIR)/02-单元测试用例.app/02-单元测试用例";
			};
			name = Debug;
		};
		790002931D5C5A3000C8D668 /* Release */ = {
			isa = XCBuildConfiguration;
			buildSettings = {
				BUNDLE_LOADER = "$(TEST_HOST)";
				INFOPLIST_FILE = "02-单元测试用例Tests/Info.plist";
				LD_RUNPATH_SEARCH_PATHS = "$(inherited) @executable_path/Frameworks @loader_path/Frameworks";
				PRODUCT_BUNDLE_IDENTIFIER = "dasfds.-2-------Tests";
				PRODUCT_NAME = "$(TARGET_NAME)";
				TEST_HOST = "$(BUILT_PRODUCTS_DIR)/02-单元测试用例.app/02-单元测试用例";
			};
			name = Release;
		};
		790002951D5C5A3000C8D668 /* Debug */ = {
			isa = XCBuildConfiguration;
			buildSettings = {
				INFOPLIST_FILE = "02-单元测试用例UITests/Info.plist";
				LD_RUNPATH_SEARCH_PATHS = "$(inherited) @executable_path/Frameworks @loader_path/Frameworks";
				PRODUCT_BUNDLE_IDENTIFIER = "dasfds.-2-------UITests";
				PRODUCT_NAME = "$(TARGET_NAME)";
				TEST_TARGET_NAME = "02-单元测试用例";
			};
			name = Debug;
		};
		790002961D5C5A3000C8D668 /* Release */ = {
			isa = XCBuildConfiguration;
			buildSettings = {
				INFOPLIST_FILE = "02-单元测试用例UITests/Info.plist";
				LD_RUNPATH_SEARCH_PATHS = "$(inherited) @executable_path/Frameworks @loader_path/Frameworks";
				PRODUCT_BUNDLE_IDENTIFIER = "dasfds.-2-------UITests";
				PRODUCT_NAME = "$(TARGET_NAME)";
				TEST_TARGET_NAME = "02-单元测试用例";
			};
			name = Release;
		};
/* End XCBuildConfiguration section */

/* Begin XCConfigurationList section */
		7900025C1D5C5A2F00C8D668 /* Build configuration list for PBXProject "02-单元测试用例" */ = {
			isa = XCConfigurationList;
			buildConfigurations = (
				7900028C1D5C5A3000C8D668 /* Debug */,
				7900028D1D5C5A3000C8D668 /* Release */,
			);
			defaultConfigurationIsVisible = 0;
			defaultConfigurationName = Release;
		};
		7900028E1D5C5A3000C8D668 /* Build configuration list for PBXNativeTarget "02-单元测试用例" */ = {
			isa = XCConfigurationList;
			buildConfigurations = (
				7900028F1D5C5A3000C8D668 /* Debug */,
				790002901D5C5A3000C8D668 /* Release */,
			);
			defaultConfigurationIsVisible = 0;
			defaultConfigurationName = Release;
		};
		790002911D5C5A3000C8D668 /* Build configuration list for PBXNativeTarget "02-单元测试用例Tests" */ = {
			isa = XCConfigurationList;
			buildConfigurations = (
				790002921D5C5A3000C8D668 /* Debug */,
				790002931D5C5A3000C8D668 /* Release */,
			);
			defaultConfigurationIsVisible = 0;
			defaultConfigurationName = Release;
		};
		790002941D5C5A3000C8D668 /* Build configuration list for PBXNativeTarget "02-单元测试用例UITests" */ = {
			isa = XCConfigurationList;
			buildConfigurations = (
				790002951D5C5A3000C8D668 /* Debug */,
				790002961D5C5A3000C8D668 /* Release */,
			);
			defaultConfigurationIsVisible = 0;
			defaultConfigurationName = Release;
		};
/* End XCConfigurationList section */
	};
	rootObject = 790002591D5C5A2F00C8D668 /* Project object */;
}
